// !$*UTF8*$!
{
	archiveVersion = 1;
	classes = {
	};
	objectVersion = 52;
	objects = {

/* Begin PBXBuildFile section */
		03DFBA582796BBBA005C7473 /* FitnessAppApp.swift in Sources */ = {isa = PBXBuildFile; fileRef = 03DFBA572796BBBA005C7473 /* FitnessAppApp.swift */; };
		03DFBA5A2796BBBA005C7473 /* RegisterAndLoginView.swift in Sources */ = {isa = PBXBuildFile; fileRef = 03DFBA592796BBBA005C7473 /* RegisterAndLoginView.swift */; };
		03DFBA5C2796BBC2005C7473 /* Assets.xcassets in Resources */ = {isa = PBXBuildFile; fileRef = 03DFBA5B2796BBC2005C7473 /* Assets.xcassets */; };
		03DFBA5F2796BBC2005C7473 /* Preview Assets.xcassets in Resources */ = {isa = PBXBuildFile; fileRef = 03DFBA5E2796BBC2005C7473 /* Preview Assets.xcassets */; };
		03DFBA692796FA15005C7473 /* GoogleService-Info.plist in Resources */ = {isa = PBXBuildFile; fileRef = 03DFBA682796FA15005C7473 /* GoogleService-Info.plist */; };
		03DFBA6D2796FC1C005C7473 /* FirebaseAuth in Frameworks */ = {isa = PBXBuildFile; productRef = 03DFBA6C2796FC1C005C7473 /* FirebaseAuth */; };
		03DFBA6F2796FC1C005C7473 /* FirebaseStorage in Frameworks */ = {isa = PBXBuildFile; productRef = 03DFBA6E2796FC1C005C7473 /* FirebaseStorage */; };
		03DFBA722796FC70005C7473 /* UserManager.swift in Sources */ = {isa = PBXBuildFile; fileRef = 03DFBA712796FC70005C7473 /* UserManager.swift */; };
		03DFBA7627970BFA005C7473 /* RegisterViewModel.swift in Sources */ = {isa = PBXBuildFile; fileRef = 03DFBA7527970BF9005C7473 /* RegisterViewModel.swift */; };
		03DFBA7927970C79005C7473 /* LoginViewModel.swift in Sources */ = {isa = PBXBuildFile; fileRef = 03DFBA7827970C79005C7473 /* LoginViewModel.swift */; };
		D8418CD327977D2000CFC20B /* StartView.swift in Sources */ = {isa = PBXBuildFile; fileRef = D8418CD227977D2000CFC20B /* StartView.swift */; };
/* End PBXBuildFile section */

/* Begin PBXFileReference section */
		03DFBA542796BBB9005C7473 /* FitnessApp.app */ = {isa = PBXFileReference; explicitFileType = wrapper.application; includeInIndex = 0; path = FitnessApp.app; sourceTree = BUILT_PRODUCTS_DIR; };
		03DFBA572796BBBA005C7473 /* FitnessAppApp.swift */ = {isa = PBXFileReference; lastKnownFileType = sourcecode.swift; path = FitnessAppApp.swift; sourceTree = "<group>"; };
		03DFBA592796BBBA005C7473 /* RegisterAndLoginView.swift */ = {isa = PBXFileReference; lastKnownFileType = sourcecode.swift; path = RegisterAndLoginView.swift; sourceTree = "<group>"; };
		03DFBA5B2796BBC2005C7473 /* Assets.xcassets */ = {isa = PBXFileReference; lastKnownFileType = folder.assetcatalog; path = Assets.xcassets; sourceTree = "<group>"; };
		03DFBA5E2796BBC2005C7473 /* Preview Assets.xcassets */ = {isa = PBXFileReference; lastKnownFileType = folder.assetcatalog; path = "Preview Assets.xcassets"; sourceTree = "<group>"; };
		03DFBA602796BBC2005C7473 /* Info.plist */ = {isa = PBXFileReference; lastKnownFileType = text.plist.xml; path = Info.plist; sourceTree = "<group>"; };
		03DFBA682796FA15005C7473 /* GoogleService-Info.plist */ = {isa = PBXFileReference; fileEncoding = 4; lastKnownFileType = text.plist.xml; path = "GoogleService-Info.plist"; sourceTree = "<group>"; };
		03DFBA712796FC70005C7473 /* UserManager.swift */ = {isa = PBXFileReference; lastKnownFileType = sourcecode.swift; path = UserManager.swift; sourceTree = "<group>"; };
		03DFBA7527970BF9005C7473 /* RegisterViewModel.swift */ = {isa = PBXFileReference; lastKnownFileType = sourcecode.swift; path = RegisterViewModel.swift; sourceTree = "<group>"; };
		03DFBA7827970C79005C7473 /* LoginViewModel.swift */ = {isa = PBXFileReference; lastKnownFileType = sourcecode.swift; path = LoginViewModel.swift; sourceTree = "<group>"; };
		D8418CD227977D2000CFC20B /* StartView.swift */ = {isa = PBXFileReference; lastKnownFileType = sourcecode.swift; path = StartView.swift; sourceTree = "<group>"; };
/* End PBXFileReference section */

/* Begin PBXFrameworksBuildPhase section */
		03DFBA512796BBB9005C7473 /* Frameworks */ = {
			isa = PBXFrameworksBuildPhase;
			buildActionMask = 2147483647;
			files = (
				03DFBA6D2796FC1C005C7473 /* FirebaseAuth in Frameworks */,
				03DFBA6F2796FC1C005C7473 /* FirebaseStorage in Frameworks */,
			);
			runOnlyForDeploymentPostprocessing = 0;
		};
/* End PBXFrameworksBuildPhase section */

/* Begin PBXGroup section */
		03DFBA4B2796BBB9005C7473 = {
			isa = PBXGroup;
			children = (
				03DFBA562796BBB9005C7473 /* FitnessApp */,
				03DFBA552796BBB9005C7473 /* Products */,
			);
			sourceTree = "<group>";
		};
		03DFBA552796BBB9005C7473 /* Products */ = {
			isa = PBXGroup;
			children = (
				03DFBA542796BBB9005C7473 /* FitnessApp.app */,
			);
			name = Products;
			sourceTree = "<group>";
		};
		03DFBA562796BBB9005C7473 /* FitnessApp */ = {
			isa = PBXGroup;
			children = (
				03DFBA7D27971596005C7473 /* Controllers */,
				03DFBA7C27971577005C7473 /* Views */,
				03DFBA7B2797156B005C7473 /* ViewModels */,
				03DFBA572796BBBA005C7473 /* FitnessAppApp.swift */,
				03DFBA5B2796BBC2005C7473 /* Assets.xcassets */,
				03DFBA602796BBC2005C7473 /* Info.plist */,
				03DFBA682796FA15005C7473 /* GoogleService-Info.plist */,
				03DFBA5D2796BBC2005C7473 /* Preview Content */,
			);
			path = FitnessApp;
			sourceTree = "<group>";
		};
		03DFBA5D2796BBC2005C7473 /* Preview Content */ = {
			isa = PBXGroup;
			children = (
				03DFBA5E2796BBC2005C7473 /* Preview Assets.xcassets */,
			);
			path = "Preview Content";
			sourceTree = "<group>";
		};
		03DFBA7B2797156B005C7473 /* ViewModels */ = {
			isa = PBXGroup;
			children = (
				03DFBA7527970BF9005C7473 /* RegisterViewModel.swift */,
				03DFBA7827970C79005C7473 /* LoginViewModel.swift */,
			);
			path = ViewModels;
			sourceTree = "<group>";
		};
		03DFBA7C27971577005C7473 /* Views */ = {
			isa = PBXGroup;
			children = (
				03DFBA592796BBBA005C7473 /* RegisterAndLoginView.swift */,
				D8418CD227977D2000CFC20B /* StartView.swift */,
			);
			path = Views;
			sourceTree = "<group>";
		};
		03DFBA7D27971596005C7473 /* Controllers */ = {
			isa = PBXGroup;
			children = (
				03DFBA712796FC70005C7473 /* UserManager.swift */,
			);
			path = Controllers;
			sourceTree = "<group>";
		};
/* End PBXGroup section */

/* Begin PBXNativeTarget section */
		03DFBA532796BBB9005C7473 /* FitnessApp */ = {
			isa = PBXNativeTarget;
			buildConfigurationList = 03DFBA632796BBC2005C7473 /* Build configuration list for PBXNativeTarget "FitnessApp" */;
			buildPhases = (
				03DFBA502796BBB9005C7473 /* Sources */,
				03DFBA512796BBB9005C7473 /* Frameworks */,
				03DFBA522796BBB9005C7473 /* Resources */,
			);
			buildRules = (
			);
			dependencies = (
			);
			name = FitnessApp;
			packageProductDependencies = (
				03DFBA6C2796FC1C005C7473 /* FirebaseAuth */,
				03DFBA6E2796FC1C005C7473 /* FirebaseStorage */,
			);
			productName = FitnessApp;
			productReference = 03DFBA542796BBB9005C7473 /* FitnessApp.app */;
			productType = "com.apple.product-type.application";
		};
/* End PBXNativeTarget section */

/* Begin PBXProject section */
		03DFBA4C2796BBB9005C7473 /* Project object */ = {
			isa = PBXProject;
			attributes = {
				LastSwiftUpdateCheck = 1240;
				LastUpgradeCheck = 1240;
				TargetAttributes = {
					03DFBA532796BBB9005C7473 = {
						CreatedOnToolsVersion = 12.4;
					};
				};
			};
			buildConfigurationList = 03DFBA4F2796BBB9005C7473 /* Build configuration list for PBXProject "FitnessApp" */;
			compatibilityVersion = "Xcode 9.3";
			developmentRegion = en;
			hasScannedForEncodings = 0;
			knownRegions = (
				en,
				Base,
			);
			mainGroup = 03DFBA4B2796BBB9005C7473;
			packageReferences = (
				03DFBA6B2796FC1C005C7473 /* XCRemoteSwiftPackageReference "firebase-ios-sdk" */,
			);
			productRefGroup = 03DFBA552796BBB9005C7473 /* Products */;
			projectDirPath = "";
			projectRoot = "";
			targets = (
				03DFBA532796BBB9005C7473 /* FitnessApp */,
			);
		};
/* End PBXProject section */

/* Begin PBXResourcesBuildPhase section */
		03DFBA522796BBB9005C7473 /* Resources */ = {
			isa = PBXResourcesBuildPhase;
			buildActionMask = 2147483647;
			files = (
				03DFBA5F2796BBC2005C7473 /* Preview Assets.xcassets in Resources */,
				03DFBA5C2796BBC2005C7473 /* Assets.xcassets in Resources */,
				03DFBA692796FA15005C7473 /* GoogleService-Info.plist in Resources */,
			);
			runOnlyForDeploymentPostprocessing = 0;
		};
/* End PBXResourcesBuildPhase section */

/* Begin PBXSourcesBuildPhase section */
		03DFBA502796BBB9005C7473 /* Sources */ = {
			isa = PBXSourcesBuildPhase;
			buildActionMask = 2147483647;
			files = (
				03DFBA722796FC70005C7473 /* UserManager.swift in Sources */,
				03DFBA7627970BFA005C7473 /* RegisterViewModel.swift in Sources */,
				03DFBA7927970C79005C7473 /* LoginViewModel.swift in Sources */,
				03DFBA5A2796BBBA005C7473 /* RegisterAndLoginView.swift in Sources */,
				03DFBA582796BBBA005C7473 /* FitnessAppApp.swift in Sources */,
				D8418CD327977D2000CFC20B /* StartView.swift in Sources */,
			);
			runOnlyForDeploymentPostprocessing = 0;
		};
/* End PBXSourcesBuildPhase section */

/* Begin XCBuildConfiguration section */
		03DFBA612796BBC2005C7473 /* Debug */ = {
			isa = XCBuildConfiguration;
			buildSettings = {
				ALWAYS_SEARCH_USER_PATHS = NO;
				CLANG_ANALYZER_NONNULL = YES;
				CLANG_ANALYZER_NUMBER_OBJECT_CONVERSION = YES_AGGRESSIVE;
				CLANG_CXX_LANGUAGE_STANDARD = "gnu++14";
				CLANG_CXX_LIBRARY = "libc++";
				CLANG_ENABLE_MODULES = YES;
				CLANG_ENABLE_OBJC_ARC = YES;
				CLANG_ENABLE_OBJC_WEAK = YES;
				CLANG_WARN_BLOCK_CAPTURE_AUTORELEASING = YES;
				CLANG_WARN_BOOL_CONVERSION = YES;
				CLANG_WARN_COMMA = YES;
				CLANG_WARN_CONSTANT_CONVERSION = YES;
				CLANG_WARN_DEPRECATED_OBJC_IMPLEMENTATIONS = YES;
				CLANG_WARN_DIRECT_OBJC_ISA_USAGE = YES_ERROR;
				CLANG_WARN_DOCUMENTATION_COMMENTS = YES;
				CLANG_WARN_EMPTY_BODY = YES;
				CLANG_WARN_ENUM_CONVERSION = YES;
				CLANG_WARN_INFINITE_RECURSION = YES;
				CLANG_WARN_INT_CONVERSION = YES;
				CLANG_WARN_NON_LITERAL_NULL_CONVERSION = YES;
				CLANG_WARN_OBJC_IMPLICIT_RETAIN_SELF = YES;
				CLANG_WARN_OBJC_LITERAL_CONVERSION = YES;
				CLANG_WARN_OBJC_ROOT_CLASS = YES_ERROR;
				CLANG_WARN_QUOTED_INCLUDE_IN_FRAMEWORK_HEADER = YES;
				CLANG_WARN_RANGE_LOOP_ANALYSIS = YES;
				CLANG_WARN_STRICT_PROTOTYPES = YES;
				CLANG_WARN_SUSPICIOUS_MOVE = YES;
				CLANG_WARN_UNGUARDED_AVAILABILITY = YES_AGGRESSIVE;
				CLANG_WARN_UNREACHABLE_CODE = YES;
				CLANG_WARN__DUPLICATE_METHOD_MATCH = YES;
				COPY_PHASE_STRIP = NO;
				DEBUG_INFORMATION_FORMAT = dwarf;
				ENABLE_STRICT_OBJC_MSGSEND = YES;
				ENABLE_TESTABILITY = YES;
				GCC_C_LANGUAGE_STANDARD = gnu11;
				GCC_DYNAMIC_NO_PIC = NO;
				GCC_NO_COMMON_BLOCKS = YES;
				GCC_OPTIMIZATION_LEVEL = 0;
				GCC_PREPROCESSOR_DEFINITIONS = (
					"DEBUG=1",
					"$(inherited)",
				);
				GCC_WARN_64_TO_32_BIT_CONVERSION = YES;
				GCC_WARN_ABOUT_RETURN_TYPE = YES_ERROR;
				GCC_WARN_UNDECLARED_SELECTOR = YES;
				GCC_WARN_UNINITIALIZED_AUTOS = YES_AGGRESSIVE;
				GCC_WARN_UNUSED_FUNCTION = YES;
				GCC_WARN_UNUSED_VARIABLE = YES;
				IPHONEOS_DEPLOYMENT_TARGET = 14.4;
				MTL_ENABLE_DEBUG_INFO = INCLUDE_SOURCE;
				MTL_FAST_MATH = YES;
				ONLY_ACTIVE_ARCH = YES;
				SDKROOT = iphoneos;
				SWIFT_ACTIVE_COMPILATION_CONDITIONS = DEBUG;
				SWIFT_OPTIMIZATION_LEVEL = "-Onone";
			};
			name = Debug;
		};
		03DFBA622796BBC2005C7473 /* Release */ = {
			isa = XCBuildConfiguration;
			buildSettings = {
				ALWAYS_SEARCH_USER_PATHS = NO;
				CLANG_ANALYZER_NONNULL = YES;
				CLANG_ANALYZER_NUMBER_OBJECT_CONVERSION = YES_AGGRESSIVE;
				CLANG_CXX_LANGUAGE_STANDARD = "gnu++14";
				CLANG_CXX_LIBRARY = "libc++";
				CLANG_ENABLE_MODULES = YES;
				CLANG_ENABLE_OBJC_ARC = YES;
				CLANG_ENABLE_OBJC_WEAK = YES;
				CLANG_WARN_BLOCK_CAPTURE_AUTORELEASING = YES;
				CLANG_WARN_BOOL_CONVERSION = YES;
				CLANG_WARN_COMMA = YES;
				CLANG_WARN_CONSTANT_CONVERSION = YES;
				CLANG_WARN_DEPRECATED_OBJC_IMPLEMENTATIONS = YES;
				CLANG_WARN_DIRECT_OBJC_ISA_USAGE = YES_ERROR;
				CLANG_WARN_DOCUMENTATION_COMMENTS = YES;
				CLANG_WARN_EMPTY_BODY = YES;
				CLANG_WARN_ENUM_CONVERSION = YES;
				CLANG_WARN_INFINITE_RECURSION = YES;
				CLANG_WARN_INT_CONVERSION = YES;
				CLANG_WARN_NON_LITERAL_NULL_CONVERSION = YES;
				CLANG_WARN_OBJC_IMPLICIT_RETAIN_SELF = YES;
				CLANG_WARN_OBJC_LITERAL_CONVERSION = YES;
				CLANG_WARN_OBJC_ROOT_CLASS = YES_ERROR;
				CLANG_WARN_QUOTED_INCLUDE_IN_FRAMEWORK_HEADER = YES;
				CLANG_WARN_RANGE_LOOP_ANALYSIS = YES;
				CLANG_WARN_STRICT_PROTOTYPES = YES;
				CLANG_WARN_SUSPICIOUS_MOVE = YES;
				CLANG_WARN_UNGUARDED_AVAILABILITY = YES_AGGRESSIVE;
				CLANG_WARN_UNREACHABLE_CODE = YES;
				CLANG_WARN__DUPLICATE_METHOD_MATCH = YES;
				COPY_PHASE_STRIP = NO;
				DEBUG_INFORMATION_FORMAT = "dwarf-with-dsym";
				ENABLE_NS_ASSERTIONS = NO;
				ENABLE_STRICT_OBJC_MSGSEND = YES;
				GCC_C_LANGUAGE_STANDARD = gnu11;
				GCC_NO_COMMON_BLOCKS = YES;
				GCC_WARN_64_TO_32_BIT_CONVERSION = YES;
				GCC_WARN_ABOUT_RETURN_TYPE = YES_ERROR;
				GCC_WARN_UNDECLARED_SELECTOR = YES;
				GCC_WARN_UNINITIALIZED_AUTOS = YES_AGGRESSIVE;
				GCC_WARN_UNUSED_FUNCTION = YES;
				GCC_WARN_UNUSED_VARIABLE = YES;
				IPHONEOS_DEPLOYMENT_TARGET = 14.4;
				MTL_ENABLE_DEBUG_INFO = NO;
				MTL_FAST_MATH = YES;
				SDKROOT = iphoneos;
				SWIFT_COMPILATION_MODE = wholemodule;
				SWIFT_OPTIMIZATION_LEVEL = "-O";
				VALIDATE_PRODUCT = YES;
			};
			name = Release;
		};
		03DFBA642796BBC2005C7473 /* Debug */ = {
			isa = XCBuildConfiguration;
			buildSettings = {
				ASSETCATALOG_COMPILER_APPICON_NAME = AppIcon;
				ASSETCATALOG_COMPILER_GLOBAL_ACCENT_COLOR_NAME = AccentColor;
				CODE_SIGN_STYLE = Automatic;
				DEVELOPMENT_ASSET_PATHS = "\"FitnessApp/Preview Content\"";
				ENABLE_PREVIEWS = YES;
				INFOPLIST_FILE = FitnessApp/Info.plist;
				IPHONEOS_DEPLOYMENT_TARGET = 14.0;
				LD_RUNPATH_SEARCH_PATHS = (
					"$(inherited)",
					"@executable_path/Frameworks",
				);
				PRODUCT_BUNDLE_IDENTIFIER = stefania.kaloyan.fmi.FitnessApp;
				PRODUCT_NAME = "$(TARGET_NAME)";
				SWIFT_VERSION = 5.0;
				TARGETED_DEVICE_FAMILY = "1,2";
			};
			name = Debug;
		};
		03DFBA652796BBC2005C7473 /* Release */ = {
			isa = XCBuildConfiguration;
			buildSettings = {
				ASSETCATALOG_COMPILER_APPICON_NAME = AppIcon;
				ASSETCATALOG_COMPILER_GLOBAL_ACCENT_COLOR_NAME = AccentColor;
				CODE_SIGN_STYLE = Automatic;
				DEVELOPMENT_ASSET_PATHS = "\"FitnessApp/Preview Content\"";
				ENABLE_PREVIEWS = YES;
				INFOPLIST_FILE = FitnessApp/Info.plist;
				IPHONEOS_DEPLOYMENT_TARGET = 14.0;
				LD_RUNPATH_SEARCH_PATHS = (
					"$(inherited)",
					"@executable_path/Frameworks",
				);
				PRODUCT_BUNDLE_IDENTIFIER = stefania.kaloyan.fmi.FitnessApp;
				PRODUCT_NAME = "$(TARGET_NAME)";
				SWIFT_VERSION = 5.0;
				TARGETED_DEVICE_FAMILY = "1,2";
			};
			name = Release;
		};
/* End XCBuildConfiguration section */

/* Begin XCConfigurationList section */
		03DFBA4F2796BBB9005C7473 /* Build configuration list for PBXProject "FitnessApp" */ = {
			isa = XCConfigurationList;
			buildConfigurations = (
				03DFBA612796BBC2005C7473 /* Debug */,
				03DFBA622796BBC2005C7473 /* Release */,
			);
			defaultConfigurationIsVisible = 0;
			defaultConfigurationName = Release;
		};
		03DFBA632796BBC2005C7473 /* Build configuration list for PBXNativeTarget "FitnessApp" */ = {
			isa = XCConfigurationList;
			buildConfigurations = (
				03DFBA642796BBC2005C7473 /* Debug */,
				03DFBA652796BBC2005C7473 /* Release */,
			);
			defaultConfigurationIsVisible = 0;
			defaultConfigurationName = Release;
		};
/* End XCConfigurationList section */

/* Begin XCRemoteSwiftPackageReference section */
		03DFBA6B2796FC1C005C7473 /* XCRemoteSwiftPackageReference "firebase-ios-sdk" */ = {
			isa = XCRemoteSwiftPackageReference;
			repositoryURL = "https://github.com/firebase/firebase-ios-sdk";
			requirement = {
				kind = upToNextMajorVersion;
				minimumVersion = 8.10.0;
			};
		};
/* End XCRemoteSwiftPackageReference section */

/* Begin XCSwiftPackageProductDependency section */
		03DFBA6C2796FC1C005C7473 /* FirebaseAuth */ = {
			isa = XCSwiftPackageProductDependency;
			package = 03DFBA6B2796FC1C005C7473 /* XCRemoteSwiftPackageReference "firebase-ios-sdk" */;
			productName = FirebaseAuth;
		};
		03DFBA6E2796FC1C005C7473 /* FirebaseStorage */ = {
			isa = XCSwiftPackageProductDependency;
			package = 03DFBA6B2796FC1C005C7473 /* XCRemoteSwiftPackageReference "firebase-ios-sdk" */;
			productName = FirebaseStorage;
		};
/* End XCSwiftPackageProductDependency section */
	};
	rootObject = 03DFBA4C2796BBB9005C7473 /* Project object */;
}
